{
  "name": "workspace-test",
  "version": "1.0.0",
  "lockfileVersion": 3,
  "requires": true,
  "packages": {
    "": {
      "name": "workspace-test",
      "version": "1.0.0",
      "workspaces": [
        "packages/*"
      ]
    },
    "node_modules/@rattke/pubpack": {
      "version": "1.1.0",
      "resolved": "https://rattke.pkgs.visualstudio.com/_packaging/common/npm/registry/@rattke/pubpack/-/pubpack-1.1.0.tgz",
      "integrity": "sha1-eG2JhRWYanqIJ1/OAzndKD5g7iM="
    },
    "node_modules/package-one": {
      "resolved": "packages/package-one",
      "link": true
    },
    "node_modules/package-three": {
      "resolved": "packages/package-three",
      "link": true
    },
    "node_modules/package-two": {
      "resolved": "packages/package-two",
      "link": true
    },
    "packages/package-one": {
      "dependencies": {
        "@rattke/pubpack": "^1.1.0"
      }
    },
    "packages/package-three": {
      "dependencies": {
        "@rattke/pubpack": "^1.1.0",
        "package-two": "*"
      }
    },
    "packages/package-two": {
      "dependencies": {
        "package-one": "*"
      }
    }
  }
}
